// !$*UTF8*$!
{
	archiveVersion = 1;
	classes = {
	};
	objectVersion = 50;
	objects = {

/* Begin PBXBuildFile section */
		110454D5221DE7270080F986 /* AccountRecovery.swift in Sources */ = {isa = PBXBuildFile; fileRef = 110454D4221DE7270080F986 /* AccountRecovery.swift */; };
		1104CD092180621400F855BA /* HTTPMethods.swift in Sources */ = {isa = PBXBuildFile; fileRef = 1104CD082180621400F855BA /* HTTPMethods.swift */; };
		1104CD0B2180627400F855BA /* CustomErrors.swift in Sources */ = {isa = PBXBuildFile; fileRef = 1104CD0A2180627400F855BA /* CustomErrors.swift */; };
		1104CD0D218062DD00F855BA /* AndroidDeviceModel.swift in Sources */ = {isa = PBXBuildFile; fileRef = 1104CD0C218062DD00F855BA /* AndroidDeviceModel.swift */; };
		1104CD0F2180639000F855BA /* RequestMessageModel.swift in Sources */ = {isa = PBXBuildFile; fileRef = 1104CD0E2180639000F855BA /* RequestMessageModel.swift */; };
		1104CD112180644100F855BA /* HttpHelper.swift in Sources */ = {isa = PBXBuildFile; fileRef = 1104CD102180644100F855BA /* HttpHelper.swift */; };
		110B3F9B21A2CE4D0019523A /* Extensions.swift in Sources */ = {isa = PBXBuildFile; fileRef = 110B3F9A21A2CE4D0019523A /* Extensions.swift */; };
		110C9D9821989F5800805C68 /* RecentActivitiesModel.swift in Sources */ = {isa = PBXBuildFile; fileRef = 110C9D9721989F5800805C68 /* RecentActivitiesModel.swift */; };
		112022982188AACF00CA58BA /* BaseStatusResponseModel.swift in Sources */ = {isa = PBXBuildFile; fileRef = 112022972188AACF00CA58BA /* BaseStatusResponseModel.swift */; };
		112C1FD021998AEC00A698D5 /* DirectInboxModel.swift in Sources */ = {isa = PBXBuildFile; fileRef = 112C1FCF21998AEC00A698D5 /* DirectInboxModel.swift */; };
		112E735C2180E86B0048A8D7 /* CryptoHelper.swift in Sources */ = {isa = PBXBuildFile; fileRef = 112E735B2180E86B0048A8D7 /* CryptoHelper.swift */; };
		112E735E2180E8DF0048A8D7 /* CommonHMAC.h in Headers */ = {isa = PBXBuildFile; fileRef = 112E735D2180E8DF0048A8D7 /* CommonHMAC.h */; };
		1131A45421974F9D00497992 /* TagFeedModel.swift in Sources */ = {isa = PBXBuildFile; fileRef = 1131A45321974F9D00497992 /* TagFeedModel.swift */; };
		1135EA60219B5C2D00DCB739 /* CommentModel.swift in Sources */ = {isa = PBXBuildFile; fileRef = 1135EA5F219B5C2D00DCB739 /* CommentModel.swift */; };
		1143E0C821809E7700D9FF31 /* ResponseTypes.swift in Sources */ = {isa = PBXBuildFile; fileRef = 1143E0C721809E7700D9FF31 /* ResponseTypes.swift */; };
		114B848021871D1300F84161 /* LoginBaseResponseModel.swift in Sources */ = {isa = PBXBuildFile; fileRef = 114B847F21871D1300F84161 /* LoginBaseResponseModel.swift */; };
		114B848221871E1500F84161 /* TwoFactorLoginInfoModel.swift in Sources */ = {isa = PBXBuildFile; fileRef = 114B848121871E1500F84161 /* TwoFactorLoginInfoModel.swift */; };
		114B848421871E9B00F84161 /* PhoneVerificationSettingsModel.swift in Sources */ = {isa = PBXBuildFile; fileRef = 114B848321871E9B00F84161 /* PhoneVerificationSettingsModel.swift */; };
		114B84862187200500F84161 /* ChallengeModel.swift in Sources */ = {isa = PBXBuildFile; fileRef = 114B84852187200500F84161 /* ChallengeModel.swift */; };
		115CA6DD21AFFB2700769B00 /* GenderTypes.swift in Sources */ = {isa = PBXBuildFile; fileRef = 115CA6DC21AFFB2700769B00 /* GenderTypes.swift */; };
		115CA6DF21B0214800769B00 /* EditProfileModel.swift in Sources */ = {isa = PBXBuildFile; fileRef = 115CA6DE21B0214800769B00 /* EditProfileModel.swift */; };
		115F1211217FDD8B00ED3530 /* SwiftyInsta.framework in Frameworks */ = {isa = PBXBuildFile; fileRef = 115F1207217FDD8B00ED3530 /* SwiftyInsta.framework */; };
		115F1216217FDD8B00ED3530 /* SwiftyInstaTests.swift in Sources */ = {isa = PBXBuildFile; fileRef = 115F1215217FDD8B00ED3530 /* SwiftyInstaTests.swift */; };
		115F1218217FDD8B00ED3530 /* SwiftyInsta.h in Headers */ = {isa = PBXBuildFile; fileRef = 115F120A217FDD8B00ED3530 /* SwiftyInsta.h */; settings = {ATTRIBUTES = (Public, ); }; };
		115F1241217FE98000ED3530 /* APIHandler.swift in Sources */ = {isa = PBXBuildFile; fileRef = 115F1240217FE98000ED3530 /* APIHandler.swift */; };
		115F1244217FEA4400ED3530 /* Headers.swift in Sources */ = {isa = PBXBuildFile; fileRef = 115F1243217FEA4400ED3530 /* Headers.swift */; };
		115F1246217FEA5200ED3530 /* URLs.swift in Sources */ = {isa = PBXBuildFile; fileRef = 115F1245217FEA5200ED3530 /* URLs.swift */; };
		115F124A217FEBD600ED3530 /* APIBuilder.swift in Sources */ = {isa = PBXBuildFile; fileRef = 115F1249217FEBD600ED3530 /* APIBuilder.swift */; };
		115F124F217FEC8E00ED3530 /* Result.swift in Sources */ = {isa = PBXBuildFile; fileRef = 115F124E217FEC8E00ED3530 /* Result.swift */; };
		115F1251217FEF6800ED3530 /* ResultInfo.swift in Sources */ = {isa = PBXBuildFile; fileRef = 115F1250217FEF6800ED3530 /* ResultInfo.swift */; };
		115F1253217FEFF200ED3530 /* SessionStorage.swift in Sources */ = {isa = PBXBuildFile; fileRef = 115F1252217FEFF200ED3530 /* SessionStorage.swift */; };
		115F1255217FF0E300ED3530 /* UserShortModel.swift in Sources */ = {isa = PBXBuildFile; fileRef = 115F1254217FF0E300ED3530 /* UserShortModel.swift */; };
		115F1257217FF1BF00ED3530 /* AndroidDeviceGenerator.swift in Sources */ = {isa = PBXBuildFile; fileRef = 115F1256217FF1BF00ED3530 /* AndroidDeviceGenerator.swift */; };
		115F1259217FF21E00ED3530 /* Devices.swift in Sources */ = {isa = PBXBuildFile; fileRef = 115F1258217FF21E00ED3530 /* Devices.swift */; };
		1164FB532217FBB100A05EB1 /* CustomUserAgent.swift in Sources */ = {isa = PBXBuildFile; fileRef = 1164FB522217FBB100A05EB1 /* CustomUserAgent.swift */; };
		116B149F21DEB64B00953A71 /* SessionCache.swift in Sources */ = {isa = PBXBuildFile; fileRef = 116B149E21DEB64B00953A71 /* SessionCache.swift */; };
		116C3F3B21A6EBE5003084DD /* MediaTypes.swift in Sources */ = {isa = PBXBuildFile; fileRef = 116C3F3A21A6EBE5003084DD /* MediaTypes.swift */; };
		1171E472218118A400579B04 /* DelayModel.swift in Sources */ = {isa = PBXBuildFile; fileRef = 1171E471218118A400579B04 /* DelayModel.swift */; };
		1171E4742181217100579B04 /* CommonCrypto.h in Headers */ = {isa = PBXBuildFile; fileRef = 1171E4732181217100579B04 /* CommonCrypto.h */; };
		1171E47821812C9400579B04 /* LoginResultModel.swift in Sources */ = {isa = PBXBuildFile; fileRef = 1171E47721812C9400579B04 /* LoginResultModel.swift */; };
		11723A592187C23400968DA5 /* LoginResponseModel.swift in Sources */ = {isa = PBXBuildFile; fileRef = 11723A582187C23400968DA5 /* LoginResponseModel.swift */; };
		1177ACA721F34BE1008A0C4C /* MediaLikersModel.swift in Sources */ = {isa = PBXBuildFile; fileRef = 1177ACA621F34BE1008A0C4C /* MediaLikersModel.swift */; };
		117AACE922033B48008913FF /* TwoFactorEnums.swift in Sources */ = {isa = PBXBuildFile; fileRef = 117AACE822033B48008913FF /* TwoFactorEnums.swift */; };
		117E65A221962ED5004626CC /* UserFeedModel.swift in Sources */ = {isa = PBXBuildFile; fileRef = 117E65A121962ED5004626CC /* UserFeedModel.swift */; };
		11848602218A1DDB0067FFD6 /* UserModel.swift in Sources */ = {isa = PBXBuildFile; fileRef = 11848601218A1DDB0067FFD6 /* UserModel.swift */; };
		11848604218A1F460067FFD6 /* FriendshipStatusModel.swift in Sources */ = {isa = PBXBuildFile; fileRef = 11848603218A1F460067FFD6 /* FriendshipStatusModel.swift */; };
		11848606218A21DA0067FFD6 /* NameTagModel.swift in Sources */ = {isa = PBXBuildFile; fileRef = 11848605218A21DA0067FFD6 /* NameTagModel.swift */; };
		11848608218A23900067FFD6 /* SearchUserModel.swift in Sources */ = {isa = PBXBuildFile; fileRef = 11848607218A23900067FFD6 /* SearchUserModel.swift */; };
		11905DFD2191C2C100FF297A /* CurrentUserModel.swift in Sources */ = {isa = PBXBuildFile; fileRef = 11905DFC2191C2C100FF297A /* CurrentUserModel.swift */; };
		11905DFF2191C98600FF297A /* ProfilePicVersionsModel.swift in Sources */ = {isa = PBXBuildFile; fileRef = 11905DFE2191C98600FF297A /* ProfilePicVersionsModel.swift */; };
		1195D5A721B1E6E900C71FE7 /* VerifyTypes.swift in Sources */ = {isa = PBXBuildFile; fileRef = 1195D5A621B1E6E900C71FE7 /* VerifyTypes.swift */; };
		11A95BEF21AC0B9800839250 /* StoryHandler.swift in Sources */ = {isa = PBXBuildFile; fileRef = 11A95BEE21AC0B9800839250 /* StoryHandler.swift */; };
		11AE440321A99CD400BD9EFB /* CommentHandler.swift in Sources */ = {isa = PBXBuildFile; fileRef = 11AE43FC21A99CD400BD9EFB /* CommentHandler.swift */; };
		11AE440421A99CD400BD9EFB /* FeedHandler.swift in Sources */ = {isa = PBXBuildFile; fileRef = 11AE43FD21A99CD400BD9EFB /* FeedHandler.swift */; };
		11AE440521A99CD400BD9EFB /* UserHandler.swift in Sources */ = {isa = PBXBuildFile; fileRef = 11AE43FE21A99CD400BD9EFB /* UserHandler.swift */; };
		11AE440621A99CD400BD9EFB /* ProfileHandler.swift in Sources */ = {isa = PBXBuildFile; fileRef = 11AE43FF21A99CD400BD9EFB /* ProfileHandler.swift */; };
		11AE440721A99CD400BD9EFB /* MessageHandler.swift in Sources */ = {isa = PBXBuildFile; fileRef = 11AE440021A99CD400BD9EFB /* MessageHandler.swift */; };
		11AE440821A99CD400BD9EFB /* HandlerSettings.swift in Sources */ = {isa = PBXBuildFile; fileRef = 11AE440121A99CD400BD9EFB /* HandlerSettings.swift */; };
		11AE440921A99CD400BD9EFB /* MediaHandler.swift in Sources */ = {isa = PBXBuildFile; fileRef = 11AE440221A99CD400BD9EFB /* MediaHandler.swift */; };
		11B8518F219F5208009527CD /* UploadMediaModel.swift in Sources */ = {isa = PBXBuildFile; fileRef = 11B8518E219F5208009527CD /* UploadMediaModel.swift */; };
		11B9567221944F70006661A6 /* ExploreFeedModel.swift in Sources */ = {isa = PBXBuildFile; fileRef = 11B9567121944F70006661A6 /* ExploreFeedModel.swift */; };
		11B95674219453B7006661A6 /* ExploreFeedItemModel.swift in Sources */ = {isa = PBXBuildFile; fileRef = 11B95673219453B7006661A6 /* ExploreFeedItemModel.swift */; };
		11B956782194542D006661A6 /* StoryModel.swift in Sources */ = {isa = PBXBuildFile; fileRef = 11B956772194542D006661A6 /* StoryModel.swift */; };
		11B9567A21945494006661A6 /* MediaModel.swift in Sources */ = {isa = PBXBuildFile; fileRef = 11B9567921945494006661A6 /* MediaModel.swift */; };
		11B9567C219454B9006661A6 /* ExploreItemInfoModel.swift in Sources */ = {isa = PBXBuildFile; fileRef = 11B9567B219454B9006661A6 /* ExploreItemInfoModel.swift */; };
		11B9567E21945500006661A6 /* TrayModel.swift in Sources */ = {isa = PBXBuildFile; fileRef = 11B9567D21945500006661A6 /* TrayModel.swift */; };
		11B9568421945C67006661A6 /* LocationModel.swift in Sources */ = {isa = PBXBuildFile; fileRef = 11B9568321945C67006661A6 /* LocationModel.swift */; };
		11B9568621945F09006661A6 /* VideoVersionModel.swift in Sources */ = {isa = PBXBuildFile; fileRef = 11B9568521945F09006661A6 /* VideoVersionModel.swift */; };
		11B9568821945FD4006661A6 /* CaptionModel.swift in Sources */ = {isa = PBXBuildFile; fileRef = 11B9568721945FD4006661A6 /* CaptionModel.swift */; };
		11BF2FA2219A07400095D594 /* RecentRecipientsModel.swift in Sources */ = {isa = PBXBuildFile; fileRef = 11BF2FA1219A07400095D594 /* RecentRecipientsModel.swift */; };
		11C106CF218DE9B20014D0E5 /* PaginationParameters.swift in Sources */ = {isa = PBXBuildFile; fileRef = 11C106CE218DE9B20014D0E5 /* PaginationParameters.swift */; };
		11C439D4219A429B00467381 /* ProfilePrivacyResponseModel.swift in Sources */ = {isa = PBXBuildFile; fileRef = 11C439D3219A429B00467381 /* ProfilePrivacyResponseModel.swift */; };
		11C487F8219B2A3B00E952A1 /* UserInfoModel.swift in Sources */ = {isa = PBXBuildFile; fileRef = 11C487F7219B2A3B00E952A1 /* UserInfoModel.swift */; };
		11C5F4DE21A059F4001EC550 /* testbundle.bundle in Resources */ = {isa = PBXBuildFile; fileRef = 11C5F4DD21A059F4001EC550 /* testbundle.bundle */; };
		11D2AE0A21A02023007D7F1F /* CreateAccountModel.swift in Sources */ = {isa = PBXBuildFile; fileRef = 11D2AE0921A02023007D7F1F /* CreateAccountModel.swift */; };
		11DDE51F21A1F94B00754F0F /* AndroidVersion.swift in Sources */ = {isa = PBXBuildFile; fileRef = 11DDE51E21A1F94B00754F0F /* AndroidVersion.swift */; };
		11E148D82209F3300068C8AF /* HttpSettings.swift in Sources */ = {isa = PBXBuildFile; fileRef = 11E148D72209F3300068C8AF /* HttpSettings.swift */; };
		11E2B135218F13D20095374A /* UserShortListModel.swift in Sources */ = {isa = PBXBuildFile; fileRef = 11E2B134218F13D20095374A /* UserShortListModel.swift */; };
		11F0CE6B2195CC2400C0F6A4 /* TimeLineModel.swift in Sources */ = {isa = PBXBuildFile; fileRef = 11F0CE6A2195CC2400C0F6A4 /* TimeLineModel.swift */; };
		E8314D5E2210652400D13BEA /* UserTags.swift in Sources */ = {isa = PBXBuildFile; fileRef = E8314D5D2210652400D13BEA /* UserTags.swift */; };
/* End PBXBuildFile section */

/* Begin PBXContainerItemProxy section */
		115F1212217FDD8B00ED3530 /* PBXContainerItemProxy */ = {
			isa = PBXContainerItemProxy;
			containerPortal = 115F11FE217FDD8B00ED3530 /* Project object */;
			proxyType = 1;
			remoteGlobalIDString = 115F1206217FDD8B00ED3530;
			remoteInfo = SwiftyInsta;
		};
/* End PBXContainerItemProxy section */

/* Begin PBXFileReference section */
		110454D4221DE7270080F986 /* AccountRecovery.swift */ = {isa = PBXFileReference; lastKnownFileType = sourcecode.swift; path = AccountRecovery.swift; sourceTree = "<group>"; };
		1104CD082180621400F855BA /* HTTPMethods.swift */ = {isa = PBXFileReference; lastKnownFileType = sourcecode.swift; path = HTTPMethods.swift; sourceTree = "<group>"; };
		1104CD0A2180627400F855BA /* CustomErrors.swift */ = {isa = PBXFileReference; lastKnownFileType = sourcecode.swift; path = CustomErrors.swift; sourceTree = "<group>"; };
		1104CD0C218062DD00F855BA /* AndroidDeviceModel.swift */ = {isa = PBXFileReference; lastKnownFileType = sourcecode.swift; path = AndroidDeviceModel.swift; sourceTree = "<group>"; };
		1104CD0E2180639000F855BA /* RequestMessageModel.swift */ = {isa = PBXFileReference; lastKnownFileType = sourcecode.swift; path = RequestMessageModel.swift; sourceTree = "<group>"; };
		1104CD102180644100F855BA /* HttpHelper.swift */ = {isa = PBXFileReference; lastKnownFileType = sourcecode.swift; path = HttpHelper.swift; sourceTree = "<group>"; };
		110B3F9A21A2CE4D0019523A /* Extensions.swift */ = {isa = PBXFileReference; lastKnownFileType = sourcecode.swift; path = Extensions.swift; sourceTree = "<group>"; };
		110C9D9721989F5800805C68 /* RecentActivitiesModel.swift */ = {isa = PBXFileReference; lastKnownFileType = sourcecode.swift; path = RecentActivitiesModel.swift; sourceTree = "<group>"; };
		112022972188AACF00CA58BA /* BaseStatusResponseModel.swift */ = {isa = PBXFileReference; lastKnownFileType = sourcecode.swift; path = BaseStatusResponseModel.swift; sourceTree = "<group>"; };
		112C1FCF21998AEC00A698D5 /* DirectInboxModel.swift */ = {isa = PBXFileReference; lastKnownFileType = sourcecode.swift; path = DirectInboxModel.swift; sourceTree = "<group>"; };
		112E735B2180E86B0048A8D7 /* CryptoHelper.swift */ = {isa = PBXFileReference; lastKnownFileType = sourcecode.swift; path = CryptoHelper.swift; sourceTree = "<group>"; };
		112E735D2180E8DF0048A8D7 /* CommonHMAC.h */ = {isa = PBXFileReference; lastKnownFileType = sourcecode.c.h; path = CommonHMAC.h; sourceTree = "<group>"; };
		1131A45321974F9D00497992 /* TagFeedModel.swift */ = {isa = PBXFileReference; lastKnownFileType = sourcecode.swift; path = TagFeedModel.swift; sourceTree = "<group>"; };
		1135EA5F219B5C2D00DCB739 /* CommentModel.swift */ = {isa = PBXFileReference; lastKnownFileType = sourcecode.swift; path = CommentModel.swift; sourceTree = "<group>"; };
		1143E0C721809E7700D9FF31 /* ResponseTypes.swift */ = {isa = PBXFileReference; lastKnownFileType = sourcecode.swift; path = ResponseTypes.swift; sourceTree = "<group>"; };
		114B847F21871D1300F84161 /* LoginBaseResponseModel.swift */ = {isa = PBXFileReference; lastKnownFileType = sourcecode.swift; path = LoginBaseResponseModel.swift; sourceTree = "<group>"; };
		114B848121871E1500F84161 /* TwoFactorLoginInfoModel.swift */ = {isa = PBXFileReference; lastKnownFileType = sourcecode.swift; path = TwoFactorLoginInfoModel.swift; sourceTree = "<group>"; };
		114B848321871E9B00F84161 /* PhoneVerificationSettingsModel.swift */ = {isa = PBXFileReference; lastKnownFileType = sourcecode.swift; path = PhoneVerificationSettingsModel.swift; sourceTree = "<group>"; };
		114B84852187200500F84161 /* ChallengeModel.swift */ = {isa = PBXFileReference; lastKnownFileType = sourcecode.swift; path = ChallengeModel.swift; sourceTree = "<group>"; };
		115CA6DC21AFFB2700769B00 /* GenderTypes.swift */ = {isa = PBXFileReference; lastKnownFileType = sourcecode.swift; path = GenderTypes.swift; sourceTree = "<group>"; };
		115CA6DE21B0214800769B00 /* EditProfileModel.swift */ = {isa = PBXFileReference; lastKnownFileType = sourcecode.swift; path = EditProfileModel.swift; sourceTree = "<group>"; };
		115F1207217FDD8B00ED3530 /* SwiftyInsta.framework */ = {isa = PBXFileReference; explicitFileType = wrapper.framework; includeInIndex = 0; path = SwiftyInsta.framework; sourceTree = BUILT_PRODUCTS_DIR; };
		115F120A217FDD8B00ED3530 /* SwiftyInsta.h */ = {isa = PBXFileReference; lastKnownFileType = sourcecode.c.h; path = SwiftyInsta.h; sourceTree = "<group>"; };
		115F120B217FDD8B00ED3530 /* Info.plist */ = {isa = PBXFileReference; lastKnownFileType = text.plist.xml; path = Info.plist; sourceTree = "<group>"; };
		115F1210217FDD8B00ED3530 /* SwiftyInstaTests.xctest */ = {isa = PBXFileReference; explicitFileType = wrapper.cfbundle; includeInIndex = 0; path = SwiftyInstaTests.xctest; sourceTree = BUILT_PRODUCTS_DIR; };
		115F1215217FDD8B00ED3530 /* SwiftyInstaTests.swift */ = {isa = PBXFileReference; lastKnownFileType = sourcecode.swift; path = SwiftyInstaTests.swift; sourceTree = "<group>"; };
		115F1217217FDD8B00ED3530 /* Info.plist */ = {isa = PBXFileReference; lastKnownFileType = text.plist.xml; path = Info.plist; sourceTree = "<group>"; };
		115F1240217FE98000ED3530 /* APIHandler.swift */ = {isa = PBXFileReference; lastKnownFileType = sourcecode.swift; path = APIHandler.swift; sourceTree = "<group>"; };
		115F1243217FEA4400ED3530 /* Headers.swift */ = {isa = PBXFileReference; lastKnownFileType = sourcecode.swift; path = Headers.swift; sourceTree = "<group>"; };
		115F1245217FEA5200ED3530 /* URLs.swift */ = {isa = PBXFileReference; lastKnownFileType = sourcecode.swift; path = URLs.swift; sourceTree = "<group>"; };
		115F1249217FEBD600ED3530 /* APIBuilder.swift */ = {isa = PBXFileReference; lastKnownFileType = sourcecode.swift; path = APIBuilder.swift; sourceTree = "<group>"; };
		115F124E217FEC8E00ED3530 /* Result.swift */ = {isa = PBXFileReference; lastKnownFileType = sourcecode.swift; path = Result.swift; sourceTree = "<group>"; };
		115F1250217FEF6800ED3530 /* ResultInfo.swift */ = {isa = PBXFileReference; lastKnownFileType = sourcecode.swift; path = ResultInfo.swift; sourceTree = "<group>"; };
		115F1252217FEFF200ED3530 /* SessionStorage.swift */ = {isa = PBXFileReference; lastKnownFileType = sourcecode.swift; path = SessionStorage.swift; sourceTree = "<group>"; };
		115F1254217FF0E300ED3530 /* UserShortModel.swift */ = {isa = PBXFileReference; lastKnownFileType = sourcecode.swift; path = UserShortModel.swift; sourceTree = "<group>"; };
		115F1256217FF1BF00ED3530 /* AndroidDeviceGenerator.swift */ = {isa = PBXFileReference; lastKnownFileType = sourcecode.swift; path = AndroidDeviceGenerator.swift; sourceTree = "<group>"; };
		115F1258217FF21E00ED3530 /* Devices.swift */ = {isa = PBXFileReference; lastKnownFileType = sourcecode.swift; path = Devices.swift; sourceTree = "<group>"; };
		1164FB522217FBB100A05EB1 /* CustomUserAgent.swift */ = {isa = PBXFileReference; lastKnownFileType = sourcecode.swift; path = CustomUserAgent.swift; sourceTree = "<group>"; };
		116B149E21DEB64B00953A71 /* SessionCache.swift */ = {isa = PBXFileReference; lastKnownFileType = sourcecode.swift; path = SessionCache.swift; sourceTree = "<group>"; };
		116C3F3A21A6EBE5003084DD /* MediaTypes.swift */ = {isa = PBXFileReference; lastKnownFileType = sourcecode.swift; path = MediaTypes.swift; sourceTree = "<group>"; };
		1171E471218118A400579B04 /* DelayModel.swift */ = {isa = PBXFileReference; lastKnownFileType = sourcecode.swift; path = DelayModel.swift; sourceTree = "<group>"; };
		1171E4732181217100579B04 /* CommonCrypto.h */ = {isa = PBXFileReference; lastKnownFileType = sourcecode.c.h; path = CommonCrypto.h; sourceTree = "<group>"; };
		1171E47721812C9400579B04 /* LoginResultModel.swift */ = {isa = PBXFileReference; lastKnownFileType = sourcecode.swift; path = LoginResultModel.swift; sourceTree = "<group>"; };
		11723A582187C23400968DA5 /* LoginResponseModel.swift */ = {isa = PBXFileReference; lastKnownFileType = sourcecode.swift; path = LoginResponseModel.swift; sourceTree = "<group>"; };
		1177ACA621F34BE1008A0C4C /* MediaLikersModel.swift */ = {isa = PBXFileReference; lastKnownFileType = sourcecode.swift; path = MediaLikersModel.swift; sourceTree = "<group>"; };
		117AACE822033B48008913FF /* TwoFactorEnums.swift */ = {isa = PBXFileReference; lastKnownFileType = sourcecode.swift; path = TwoFactorEnums.swift; sourceTree = "<group>"; };
		117E65A121962ED5004626CC /* UserFeedModel.swift */ = {isa = PBXFileReference; lastKnownFileType = sourcecode.swift; path = UserFeedModel.swift; sourceTree = "<group>"; };
		11848601218A1DDB0067FFD6 /* UserModel.swift */ = {isa = PBXFileReference; lastKnownFileType = sourcecode.swift; path = UserModel.swift; sourceTree = "<group>"; };
		11848603218A1F460067FFD6 /* FriendshipStatusModel.swift */ = {isa = PBXFileReference; lastKnownFileType = sourcecode.swift; path = FriendshipStatusModel.swift; sourceTree = "<group>"; };
		11848605218A21DA0067FFD6 /* NameTagModel.swift */ = {isa = PBXFileReference; lastKnownFileType = sourcecode.swift; path = NameTagModel.swift; sourceTree = "<group>"; };
		11848607218A23900067FFD6 /* SearchUserModel.swift */ = {isa = PBXFileReference; lastKnownFileType = sourcecode.swift; path = SearchUserModel.swift; sourceTree = "<group>"; };
		11905DFC2191C2C100FF297A /* CurrentUserModel.swift */ = {isa = PBXFileReference; lastKnownFileType = sourcecode.swift; path = CurrentUserModel.swift; sourceTree = "<group>"; };
		11905DFE2191C98600FF297A /* ProfilePicVersionsModel.swift */ = {isa = PBXFileReference; lastKnownFileType = sourcecode.swift; path = ProfilePicVersionsModel.swift; sourceTree = "<group>"; };
		1195D5A621B1E6E900C71FE7 /* VerifyTypes.swift */ = {isa = PBXFileReference; lastKnownFileType = sourcecode.swift; path = VerifyTypes.swift; sourceTree = "<group>"; };
		11A95BEE21AC0B9800839250 /* StoryHandler.swift */ = {isa = PBXFileReference; lastKnownFileType = sourcecode.swift; path = StoryHandler.swift; sourceTree = "<group>"; };
		11AE43FC21A99CD400BD9EFB /* CommentHandler.swift */ = {isa = PBXFileReference; fileEncoding = 4; lastKnownFileType = sourcecode.swift; path = CommentHandler.swift; sourceTree = "<group>"; };
		11AE43FD21A99CD400BD9EFB /* FeedHandler.swift */ = {isa = PBXFileReference; fileEncoding = 4; lastKnownFileType = sourcecode.swift; path = FeedHandler.swift; sourceTree = "<group>"; };
		11AE43FE21A99CD400BD9EFB /* UserHandler.swift */ = {isa = PBXFileReference; fileEncoding = 4; lastKnownFileType = sourcecode.swift; path = UserHandler.swift; sourceTree = "<group>"; };
		11AE43FF21A99CD400BD9EFB /* ProfileHandler.swift */ = {isa = PBXFileReference; fileEncoding = 4; lastKnownFileType = sourcecode.swift; path = ProfileHandler.swift; sourceTree = "<group>"; };
		11AE440021A99CD400BD9EFB /* MessageHandler.swift */ = {isa = PBXFileReference; fileEncoding = 4; lastKnownFileType = sourcecode.swift; path = MessageHandler.swift; sourceTree = "<group>"; };
		11AE440121A99CD400BD9EFB /* HandlerSettings.swift */ = {isa = PBXFileReference; fileEncoding = 4; lastKnownFileType = sourcecode.swift; path = HandlerSettings.swift; sourceTree = "<group>"; };
		11AE440221A99CD400BD9EFB /* MediaHandler.swift */ = {isa = PBXFileReference; fileEncoding = 4; lastKnownFileType = sourcecode.swift; path = MediaHandler.swift; sourceTree = "<group>"; };
		11B8518E219F5208009527CD /* UploadMediaModel.swift */ = {isa = PBXFileReference; lastKnownFileType = sourcecode.swift; path = UploadMediaModel.swift; sourceTree = "<group>"; };
		11B9567121944F70006661A6 /* ExploreFeedModel.swift */ = {isa = PBXFileReference; lastKnownFileType = sourcecode.swift; path = ExploreFeedModel.swift; sourceTree = "<group>"; };
		11B95673219453B7006661A6 /* ExploreFeedItemModel.swift */ = {isa = PBXFileReference; lastKnownFileType = sourcecode.swift; path = ExploreFeedItemModel.swift; sourceTree = "<group>"; };
		11B956772194542D006661A6 /* StoryModel.swift */ = {isa = PBXFileReference; lastKnownFileType = sourcecode.swift; path = StoryModel.swift; sourceTree = "<group>"; };
		11B9567921945494006661A6 /* MediaModel.swift */ = {isa = PBXFileReference; lastKnownFileType = sourcecode.swift; path = MediaModel.swift; sourceTree = "<group>"; };
		11B9567B219454B9006661A6 /* ExploreItemInfoModel.swift */ = {isa = PBXFileReference; lastKnownFileType = sourcecode.swift; path = ExploreItemInfoModel.swift; sourceTree = "<group>"; };
		11B9567D21945500006661A6 /* TrayModel.swift */ = {isa = PBXFileReference; lastKnownFileType = sourcecode.swift; path = TrayModel.swift; sourceTree = "<group>"; };
		11B9568321945C67006661A6 /* LocationModel.swift */ = {isa = PBXFileReference; lastKnownFileType = sourcecode.swift; path = LocationModel.swift; sourceTree = "<group>"; };
		11B9568521945F09006661A6 /* VideoVersionModel.swift */ = {isa = PBXFileReference; lastKnownFileType = sourcecode.swift; path = VideoVersionModel.swift; sourceTree = "<group>"; };
		11B9568721945FD4006661A6 /* CaptionModel.swift */ = {isa = PBXFileReference; lastKnownFileType = sourcecode.swift; path = CaptionModel.swift; sourceTree = "<group>"; };
		11BF2FA1219A07400095D594 /* RecentRecipientsModel.swift */ = {isa = PBXFileReference; lastKnownFileType = sourcecode.swift; path = RecentRecipientsModel.swift; sourceTree = "<group>"; };
		11C106CE218DE9B20014D0E5 /* PaginationParameters.swift */ = {isa = PBXFileReference; lastKnownFileType = sourcecode.swift; path = PaginationParameters.swift; sourceTree = "<group>"; };
		11C439D3219A429B00467381 /* ProfilePrivacyResponseModel.swift */ = {isa = PBXFileReference; lastKnownFileType = sourcecode.swift; path = ProfilePrivacyResponseModel.swift; sourceTree = "<group>"; };
		11C487F7219B2A3B00E952A1 /* UserInfoModel.swift */ = {isa = PBXFileReference; lastKnownFileType = sourcecode.swift; path = UserInfoModel.swift; sourceTree = "<group>"; };
		11C5F4DD21A059F4001EC550 /* testbundle.bundle */ = {isa = PBXFileReference; lastKnownFileType = "wrapper.plug-in"; path = testbundle.bundle; sourceTree = "<group>"; };
		11D2AE0921A02023007D7F1F /* CreateAccountModel.swift */ = {isa = PBXFileReference; lastKnownFileType = sourcecode.swift; path = CreateAccountModel.swift; sourceTree = "<group>"; };
		11DDE51E21A1F94B00754F0F /* AndroidVersion.swift */ = {isa = PBXFileReference; lastKnownFileType = sourcecode.swift; path = AndroidVersion.swift; sourceTree = "<group>"; };
		11E148D72209F3300068C8AF /* HttpSettings.swift */ = {isa = PBXFileReference; lastKnownFileType = sourcecode.swift; path = HttpSettings.swift; sourceTree = "<group>"; };
		11E2B134218F13D20095374A /* UserShortListModel.swift */ = {isa = PBXFileReference; lastKnownFileType = sourcecode.swift; path = UserShortListModel.swift; sourceTree = "<group>"; };
		11F0CE6A2195CC2400C0F6A4 /* TimeLineModel.swift */ = {isa = PBXFileReference; lastKnownFileType = sourcecode.swift; path = TimeLineModel.swift; sourceTree = "<group>"; };
		E8314D5D2210652400D13BEA /* UserTags.swift */ = {isa = PBXFileReference; lastKnownFileType = sourcecode.swift; path = UserTags.swift; sourceTree = "<group>"; };
/* End PBXFileReference section */

/* Begin PBXFrameworksBuildPhase section */
		115F1204217FDD8B00ED3530 /* Frameworks */ = {
			isa = PBXFrameworksBuildPhase;
			buildActionMask = 2147483647;
			files = (
			);
			runOnlyForDeploymentPostprocessing = 0;
		};
		115F120D217FDD8B00ED3530 /* Frameworks */ = {
			isa = PBXFrameworksBuildPhase;
			buildActionMask = 2147483647;
			files = (
				115F1211217FDD8B00ED3530 /* SwiftyInsta.framework in Frameworks */,
			);
			runOnlyForDeploymentPostprocessing = 0;
		};
/* End PBXFrameworksBuildPhase section */

/* Begin PBXGroup section */
		115F11FD217FDD8B00ED3530 = {
			isa = PBXGroup;
			children = (
				115F1209217FDD8B00ED3530 /* SwiftyInsta */,
				115F1214217FDD8B00ED3530 /* SwiftyInstaTests */,
				115F1208217FDD8B00ED3530 /* Products */,
			);
			sourceTree = "<group>";
		};
		115F1208217FDD8B00ED3530 /* Products */ = {
			isa = PBXGroup;
			children = (
				115F1207217FDD8B00ED3530 /* SwiftyInsta.framework */,
				115F1210217FDD8B00ED3530 /* SwiftyInstaTests.xctest */,
			);
			name = Products;
			sourceTree = "<group>";
		};
		115F1209217FDD8B00ED3530 /* SwiftyInsta */ = {
			isa = PBXGroup;
			children = (
				115F1237217FE7F400ED3530 /* API */,
				115F1248217FEB8100ED3530 /* Classes */,
				115F1236217FE7A200ED3530 /* Helpers */,
				115F1234217FE5FE00ED3530 /* Supporting Files */,
			);
			path = SwiftyInsta;
			sourceTree = "<group>";
		};
		115F1214217FDD8B00ED3530 /* SwiftyInstaTests */ = {
			isa = PBXGroup;
			children = (
				11C5F4DD21A059F4001EC550 /* testbundle.bundle */,
				115F1215217FDD8B00ED3530 /* SwiftyInstaTests.swift */,
				115F1217217FDD8B00ED3530 /* Info.plist */,
			);
			path = SwiftyInstaTests;
			sourceTree = "<group>";
		};
		115F1234217FE5FE00ED3530 /* Supporting Files */ = {
			isa = PBXGroup;
			children = (
				115F120A217FDD8B00ED3530 /* SwiftyInsta.h */,
				112E735D2180E8DF0048A8D7 /* CommonHMAC.h */,
				115F120B217FDD8B00ED3530 /* Info.plist */,
				1171E4732181217100579B04 /* CommonCrypto.h */,
			);
			path = "Supporting Files";
			sourceTree = "<group>";
		};
		115F1235217FE61600ED3530 /* Services */ = {
			isa = PBXGroup;
			children = (
				11AE440121A99CD400BD9EFB /* HandlerSettings.swift */,
				115F1240217FE98000ED3530 /* APIHandler.swift */,
				11AE43FC21A99CD400BD9EFB /* CommentHandler.swift */,
				11AE43FD21A99CD400BD9EFB /* FeedHandler.swift */,
				11AE440221A99CD400BD9EFB /* MediaHandler.swift */,
				11AE440021A99CD400BD9EFB /* MessageHandler.swift */,
				11AE43FF21A99CD400BD9EFB /* ProfileHandler.swift */,
				11AE43FE21A99CD400BD9EFB /* UserHandler.swift */,
				11A95BEE21AC0B9800839250 /* StoryHandler.swift */,
			);
			path = Services;
			sourceTree = "<group>";
		};
		115F1236217FE7A200ED3530 /* Helpers */ = {
			isa = PBXGroup;
			children = (
				1104CD102180644100F855BA /* HttpHelper.swift */,
				112E735B2180E86B0048A8D7 /* CryptoHelper.swift */,
				110B3F9A21A2CE4D0019523A /* Extensions.swift */,
				11E148D72209F3300068C8AF /* HttpSettings.swift */,
			);
			path = Helpers;
			sourceTree = "<group>";
		};
		115F1237217FE7F400ED3530 /* API */ = {
			isa = PBXGroup;
			children = (
				115F1238217FE82100ED3530 /* Builder */,
				115F1235217FE61600ED3530 /* Services */,
				115F1242217FEA1200ED3530 /* Constants */,
			);
			path = API;
			sourceTree = "<group>";
		};
		115F1238217FE82100ED3530 /* Builder */ = {
			isa = PBXGroup;
			children = (
				115F1249217FEBD600ED3530 /* APIBuilder.swift */,
			);
			path = Builder;
			sourceTree = "<group>";
		};
		115F1239217FE83B00ED3530 /* Models */ = {
			isa = PBXGroup;
			children = (
				1104CD0C218062DD00F855BA /* AndroidDeviceModel.swift */,
				11F0CE6A2195CC2400C0F6A4 /* TimeLineModel.swift */,
				112022972188AACF00CA58BA /* BaseStatusResponseModel.swift */,
				11B9568721945FD4006661A6 /* CaptionModel.swift */,
				114B84852187200500F84161 /* ChallengeModel.swift */,
				11905DFC2191C2C100FF297A /* CurrentUserModel.swift */,
				1171E471218118A400579B04 /* DelayModel.swift */,
				11B95673219453B7006661A6 /* ExploreFeedItemModel.swift */,
				11B9567121944F70006661A6 /* ExploreFeedModel.swift */,
				11B9567B219454B9006661A6 /* ExploreItemInfoModel.swift */,
				11848603218A1F460067FFD6 /* FriendshipStatusModel.swift */,
				11B9568321945C67006661A6 /* LocationModel.swift */,
				114B847F21871D1300F84161 /* LoginBaseResponseModel.swift */,
				11723A582187C23400968DA5 /* LoginResponseModel.swift */,
				1171E47721812C9400579B04 /* LoginResultModel.swift */,
				11B9567921945494006661A6 /* MediaModel.swift */,
				11848605218A21DA0067FFD6 /* NameTagModel.swift */,
				11C106CE218DE9B20014D0E5 /* PaginationParameters.swift */,
				114B848321871E9B00F84161 /* PhoneVerificationSettingsModel.swift */,
				11905DFE2191C98600FF297A /* ProfilePicVersionsModel.swift */,
				1104CD0E2180639000F855BA /* RequestMessageModel.swift */,
				115F124E217FEC8E00ED3530 /* Result.swift */,
				115F1250217FEF6800ED3530 /* ResultInfo.swift */,
				11848607218A23900067FFD6 /* SearchUserModel.swift */,
				115F1252217FEFF200ED3530 /* SessionStorage.swift */,
				11B956772194542D006661A6 /* StoryModel.swift */,
				11B9567D21945500006661A6 /* TrayModel.swift */,
				114B848121871E1500F84161 /* TwoFactorLoginInfoModel.swift */,
				11848601218A1DDB0067FFD6 /* UserModel.swift */,
				11E2B134218F13D20095374A /* UserShortListModel.swift */,
				115F1254217FF0E300ED3530 /* UserShortModel.swift */,
				11B9568521945F09006661A6 /* VideoVersionModel.swift */,
				117E65A121962ED5004626CC /* UserFeedModel.swift */,
				1131A45321974F9D00497992 /* TagFeedModel.swift */,
				110C9D9721989F5800805C68 /* RecentActivitiesModel.swift */,
				112C1FCF21998AEC00A698D5 /* DirectInboxModel.swift */,
				11BF2FA1219A07400095D594 /* RecentRecipientsModel.swift */,
				11C439D3219A429B00467381 /* ProfilePrivacyResponseModel.swift */,
				11C487F7219B2A3B00E952A1 /* UserInfoModel.swift */,
				1135EA5F219B5C2D00DCB739 /* CommentModel.swift */,
				11B8518E219F5208009527CD /* UploadMediaModel.swift */,
				11D2AE0921A02023007D7F1F /* CreateAccountModel.swift */,
				115CA6DE21B0214800769B00 /* EditProfileModel.swift */,
				116B149E21DEB64B00953A71 /* SessionCache.swift */,
				1177ACA621F34BE1008A0C4C /* MediaLikersModel.swift */,
				E8314D5D2210652400D13BEA /* UserTags.swift */,
				1164FB522217FBB100A05EB1 /* CustomUserAgent.swift */,
				110454D4221DE7270080F986 /* AccountRecovery.swift */,
			);
			path = Models;
			sourceTree = "<group>";
		};
		115F1242217FEA1200ED3530 /* Constants */ = {
			isa = PBXGroup;
			children = (
				115F1245217FEA5200ED3530 /* URLs.swift */,
				115F1243217FEA4400ED3530 /* Headers.swift */,
			);
			path = Constants;
			sourceTree = "<group>";
		};
		115F1247217FEA9D00ED3530 /* Enums */ = {
			isa = PBXGroup;
			children = (
				115F1258217FF21E00ED3530 /* Devices.swift */,
				1104CD0A2180627400F855BA /* CustomErrors.swift */,
				1104CD082180621400F855BA /* HTTPMethods.swift */,
				1143E0C721809E7700D9FF31 /* ResponseTypes.swift */,
				116C3F3A21A6EBE5003084DD /* MediaTypes.swift */,
				115CA6DC21AFFB2700769B00 /* GenderTypes.swift */,
				1195D5A621B1E6E900C71FE7 /* VerifyTypes.swift */,
				117AACE822033B48008913FF /* TwoFactorEnums.swift */,
			);
			path = Enums;
			sourceTree = "<group>";
		};
		115F1248217FEB8100ED3530 /* Classes */ = {
			isa = PBXGroup;
			children = (
				115F124D217FEBF900ED3530 /* Devices */,
				115F1247217FEA9D00ED3530 /* Enums */,
				115F1239217FE83B00ED3530 /* Models */,
			);
			path = Classes;
			sourceTree = "<group>";
		};
		115F124B217FEBE800ED3530 /* Android */ = {
			isa = PBXGroup;
			children = (
				115F1256217FF1BF00ED3530 /* AndroidDeviceGenerator.swift */,
				11DDE51E21A1F94B00754F0F /* AndroidVersion.swift */,
			);
			path = Android;
			sourceTree = "<group>";
		};
		115F124C217FEBF000ED3530 /* iOS */ = {
			isa = PBXGroup;
			children = (
			);
			path = iOS;
			sourceTree = "<group>";
		};
		115F124D217FEBF900ED3530 /* Devices */ = {
			isa = PBXGroup;
			children = (
				115F124B217FEBE800ED3530 /* Android */,
				115F124C217FEBF000ED3530 /* iOS */,
			);
			path = Devices;
			sourceTree = "<group>";
		};
/* End PBXGroup section */

/* Begin PBXHeadersBuildPhase section */
		115F1202217FDD8B00ED3530 /* Headers */ = {
			isa = PBXHeadersBuildPhase;
			buildActionMask = 2147483647;
			files = (
				1171E4742181217100579B04 /* CommonCrypto.h in Headers */,
				112E735E2180E8DF0048A8D7 /* CommonHMAC.h in Headers */,
				115F1218217FDD8B00ED3530 /* SwiftyInsta.h in Headers */,
			);
			runOnlyForDeploymentPostprocessing = 0;
		};
/* End PBXHeadersBuildPhase section */

/* Begin PBXNativeTarget section */
		115F1206217FDD8B00ED3530 /* SwiftyInsta */ = {
			isa = PBXNativeTarget;
			buildConfigurationList = 115F121B217FDD8B00ED3530 /* Build configuration list for PBXNativeTarget "SwiftyInsta" */;
			buildPhases = (
				115F1202217FDD8B00ED3530 /* Headers */,
				115F1203217FDD8B00ED3530 /* Sources */,
				115F1204217FDD8B00ED3530 /* Frameworks */,
				115F1205217FDD8B00ED3530 /* Resources */,
			);
			buildRules = (
			);
			dependencies = (
			);
			name = SwiftyInsta;
			productName = SwiftyInsta;
			productReference = 115F1207217FDD8B00ED3530 /* SwiftyInsta.framework */;
			productType = "com.apple.product-type.framework";
		};
		115F120F217FDD8B00ED3530 /* SwiftyInstaTests */ = {
			isa = PBXNativeTarget;
			buildConfigurationList = 115F121E217FDD8B00ED3530 /* Build configuration list for PBXNativeTarget "SwiftyInstaTests" */;
			buildPhases = (
				115F120C217FDD8B00ED3530 /* Sources */,
				115F120D217FDD8B00ED3530 /* Frameworks */,
				115F120E217FDD8B00ED3530 /* Resources */,
			);
			buildRules = (
			);
			dependencies = (
				115F1213217FDD8B00ED3530 /* PBXTargetDependency */,
			);
			name = SwiftyInstaTests;
			productName = SwiftyInstaTests;
			productReference = 115F1210217FDD8B00ED3530 /* SwiftyInstaTests.xctest */;
			productType = "com.apple.product-type.bundle.unit-test";
		};
/* End PBXNativeTarget section */

/* Begin PBXProject section */
		115F11FE217FDD8B00ED3530 /* Project object */ = {
			isa = PBXProject;
			attributes = {
				LastSwiftUpdateCheck = 1000;
				LastUpgradeCheck = 1000;
				ORGANIZATIONNAME = Mahdi;
				TargetAttributes = {
					115F1206217FDD8B00ED3530 = {
						CreatedOnToolsVersion = 10.0;
						LastSwiftMigration = 1000;
					};
					115F120F217FDD8B00ED3530 = {
						CreatedOnToolsVersion = 10.0;
					};
				};
			};
			buildConfigurationList = 115F1201217FDD8B00ED3530 /* Build configuration list for PBXProject "SwiftyInsta" */;
			compatibilityVersion = "Xcode 9.3";
			developmentRegion = en;
			hasScannedForEncodings = 0;
			knownRegions = (
				en,
			);
			mainGroup = 115F11FD217FDD8B00ED3530;
			productRefGroup = 115F1208217FDD8B00ED3530 /* Products */;
			projectDirPath = "";
			projectRoot = "";
			targets = (
				115F1206217FDD8B00ED3530 /* SwiftyInsta */,
				115F120F217FDD8B00ED3530 /* SwiftyInstaTests */,
			);
		};
/* End PBXProject section */

/* Begin PBXResourcesBuildPhase section */
		115F1205217FDD8B00ED3530 /* Resources */ = {
			isa = PBXResourcesBuildPhase;
			buildActionMask = 2147483647;
			files = (
				11C5F4DE21A059F4001EC550 /* testbundle.bundle in Resources */,
			);
			runOnlyForDeploymentPostprocessing = 0;
		};
		115F120E217FDD8B00ED3530 /* Resources */ = {
			isa = PBXResourcesBuildPhase;
			buildActionMask = 2147483647;
			files = (
			);
			runOnlyForDeploymentPostprocessing = 0;
		};
/* End PBXResourcesBuildPhase section */

/* Begin PBXSourcesBuildPhase section */
		115F1203217FDD8B00ED3530 /* Sources */ = {
			isa = PBXSourcesBuildPhase;
			buildActionMask = 2147483647;
			files = (
				1104CD0D218062DD00F855BA /* AndroidDeviceModel.swift in Sources */,
				115F124A217FEBD600ED3530 /* APIBuilder.swift in Sources */,
				114B848421871E9B00F84161 /* PhoneVerificationSettingsModel.swift in Sources */,
				1143E0C821809E7700D9FF31 /* ResponseTypes.swift in Sources */,
				11AE440421A99CD400BD9EFB /* FeedHandler.swift in Sources */,
				11AE440821A99CD400BD9EFB /* HandlerSettings.swift in Sources */,
				11E148D82209F3300068C8AF /* HttpSettings.swift in Sources */,
				11C487F8219B2A3B00E952A1 /* UserInfoModel.swift in Sources */,
				11AE440521A99CD400BD9EFB /* UserHandler.swift in Sources */,
				11905DFD2191C2C100FF297A /* CurrentUserModel.swift in Sources */,
				112022982188AACF00CA58BA /* BaseStatusResponseModel.swift in Sources */,
				117AACE922033B48008913FF /* TwoFactorEnums.swift in Sources */,
				117E65A221962ED5004626CC /* UserFeedModel.swift in Sources */,
				114B848221871E1500F84161 /* TwoFactorLoginInfoModel.swift in Sources */,
				11A95BEF21AC0B9800839250 /* StoryHandler.swift in Sources */,
				115CA6DF21B0214800769B00 /* EditProfileModel.swift in Sources */,
				114B848021871D1300F84161 /* LoginBaseResponseModel.swift in Sources */,
				1135EA60219B5C2D00DCB739 /* CommentModel.swift in Sources */,
				11C106CF218DE9B20014D0E5 /* PaginationParameters.swift in Sources */,
				1104CD0B2180627400F855BA /* CustomErrors.swift in Sources */,
				110C9D9821989F5800805C68 /* RecentActivitiesModel.swift in Sources */,
				11AE440721A99CD400BD9EFB /* MessageHandler.swift in Sources */,
				115F124F217FEC8E00ED3530 /* Result.swift in Sources */,
				116B149F21DEB64B00953A71 /* SessionCache.swift in Sources */,
				11F0CE6B2195CC2400C0F6A4 /* TimeLineModel.swift in Sources */,
				116C3F3B21A6EBE5003084DD /* MediaTypes.swift in Sources */,
				11BF2FA2219A07400095D594 /* RecentRecipientsModel.swift in Sources */,
				11B9567221944F70006661A6 /* ExploreFeedModel.swift in Sources */,
				11D2AE0A21A02023007D7F1F /* CreateAccountModel.swift in Sources */,
				115F1244217FEA4400ED3530 /* Headers.swift in Sources */,
				110454D5221DE7270080F986 /* AccountRecovery.swift in Sources */,
				110B3F9B21A2CE4D0019523A /* Extensions.swift in Sources */,
				E8314D5E2210652400D13BEA /* UserTags.swift in Sources */,
				11AE440321A99CD400BD9EFB /* CommentHandler.swift in Sources */,
				11905DFF2191C98600FF297A /* ProfilePicVersionsModel.swift in Sources */,
				115F1246217FEA5200ED3530 /* URLs.swift in Sources */,
				115F1257217FF1BF00ED3530 /* AndroidDeviceGenerator.swift in Sources */,
				115F1251217FEF6800ED3530 /* ResultInfo.swift in Sources */,
				11723A592187C23400968DA5 /* LoginResponseModel.swift in Sources */,
				1131A45421974F9D00497992 /* TagFeedModel.swift in Sources */,
				11B9568621945F09006661A6 /* VideoVersionModel.swift in Sources */,
				112E735C2180E86B0048A8D7 /* CryptoHelper.swift in Sources */,
				11C439D4219A429B00467381 /* ProfilePrivacyResponseModel.swift in Sources */,
				1177ACA721F34BE1008A0C4C /* MediaLikersModel.swift in Sources */,
				115F1255217FF0E300ED3530 /* UserShortModel.swift in Sources */,
				1164FB532217FBB100A05EB1 /* CustomUserAgent.swift in Sources */,
				11DDE51F21A1F94B00754F0F /* AndroidVersion.swift in Sources */,
				1195D5A721B1E6E900C71FE7 /* VerifyTypes.swift in Sources */,
				11B9567C219454B9006661A6 /* ExploreItemInfoModel.swift in Sources */,
				115F1259217FF21E00ED3530 /* Devices.swift in Sources */,
				11B9567A21945494006661A6 /* MediaModel.swift in Sources */,
				1104CD0F2180639000F855BA /* RequestMessageModel.swift in Sources */,
				11848602218A1DDB0067FFD6 /* UserModel.swift in Sources */,
				11B95674219453B7006661A6 /* ExploreFeedItemModel.swift in Sources */,
				11AE440621A99CD400BD9EFB /* ProfileHandler.swift in Sources */,
				11848606218A21DA0067FFD6 /* NameTagModel.swift in Sources */,
				112C1FD021998AEC00A698D5 /* DirectInboxModel.swift in Sources */,
				114B84862187200500F84161 /* ChallengeModel.swift in Sources */,
				1104CD112180644100F855BA /* HttpHelper.swift in Sources */,
				115F1241217FE98000ED3530 /* APIHandler.swift in Sources */,
				11B9567E21945500006661A6 /* TrayModel.swift in Sources */,
				1171E472218118A400579B04 /* DelayModel.swift in Sources */,
				11B956782194542D006661A6 /* StoryModel.swift in Sources */,
				11B9568821945FD4006661A6 /* CaptionModel.swift in Sources */,
				11848608218A23900067FFD6 /* SearchUserModel.swift in Sources */,
				11848604218A1F460067FFD6 /* FriendshipStatusModel.swift in Sources */,
				1171E47821812C9400579B04 /* LoginResultModel.swift in Sources */,
				11B9568421945C67006661A6 /* LocationModel.swift in Sources */,
				115F1253217FEFF200ED3530 /* SessionStorage.swift in Sources */,
				1104CD092180621400F855BA /* HTTPMethods.swift in Sources */,
				11E2B135218F13D20095374A /* UserShortListModel.swift in Sources */,
				11B8518F219F5208009527CD /* UploadMediaModel.swift in Sources */,
				11AE440921A99CD400BD9EFB /* MediaHandler.swift in Sources */,
				115CA6DD21AFFB2700769B00 /* GenderTypes.swift in Sources */,
			);
			runOnlyForDeploymentPostprocessing = 0;
		};
		115F120C217FDD8B00ED3530 /* Sources */ = {
			isa = PBXSourcesBuildPhase;
			buildActionMask = 2147483647;
			files = (
				115F1216217FDD8B00ED3530 /* SwiftyInstaTests.swift in Sources */,
			);
			runOnlyForDeploymentPostprocessing = 0;
		};
/* End PBXSourcesBuildPhase section */

/* Begin PBXTargetDependency section */
		115F1213217FDD8B00ED3530 /* PBXTargetDependency */ = {
			isa = PBXTargetDependency;
			target = 115F1206217FDD8B00ED3530 /* SwiftyInsta */;
			targetProxy = 115F1212217FDD8B00ED3530 /* PBXContainerItemProxy */;
		};
/* End PBXTargetDependency section */

/* Begin XCBuildConfiguration section */
		115F1219217FDD8B00ED3530 /* Debug */ = {
			isa = XCBuildConfiguration;
			buildSettings = {
				ALWAYS_SEARCH_USER_PATHS = NO;
				CLANG_ANALYZER_NONNULL = YES;
				CLANG_ANALYZER_NUMBER_OBJECT_CONVERSION = YES_AGGRESSIVE;
				CLANG_CXX_LANGUAGE_STANDARD = "gnu++14";
				CLANG_CXX_LIBRARY = "libc++";
				CLANG_ENABLE_MODULES = YES;
				CLANG_ENABLE_OBJC_ARC = YES;
				CLANG_ENABLE_OBJC_WEAK = YES;
				CLANG_WARN_BLOCK_CAPTURE_AUTORELEASING = YES;
				CLANG_WARN_BOOL_CONVERSION = YES;
				CLANG_WARN_COMMA = YES;
				CLANG_WARN_CONSTANT_CONVERSION = YES;
				CLANG_WARN_DEPRECATED_OBJC_IMPLEMENTATIONS = YES;
				CLANG_WARN_DIRECT_OBJC_ISA_USAGE = YES_ERROR;
				CLANG_WARN_DOCUMENTATION_COMMENTS = YES;
				CLANG_WARN_EMPTY_BODY = YES;
				CLANG_WARN_ENUM_CONVERSION = YES;
				CLANG_WARN_INFINITE_RECURSION = YES;
				CLANG_WARN_INT_CONVERSION = YES;
				CLANG_WARN_NON_LITERAL_NULL_CONVERSION = YES;
				CLANG_WARN_OBJC_IMPLICIT_RETAIN_SELF = YES;
				CLANG_WARN_OBJC_LITERAL_CONVERSION = YES;
				CLANG_WARN_OBJC_ROOT_CLASS = YES_ERROR;
				CLANG_WARN_RANGE_LOOP_ANALYSIS = YES;
				CLANG_WARN_STRICT_PROTOTYPES = YES;
				CLANG_WARN_SUSPICIOUS_MOVE = YES;
				CLANG_WARN_UNGUARDED_AVAILABILITY = YES_AGGRESSIVE;
				CLANG_WARN_UNREACHABLE_CODE = YES;
				CLANG_WARN__DUPLICATE_METHOD_MATCH = YES;
				CODE_SIGN_IDENTITY = "iPhone Developer";
				COPY_PHASE_STRIP = NO;
				CURRENT_PROJECT_VERSION = 1;
				DEBUG_INFORMATION_FORMAT = dwarf;
				ENABLE_STRICT_OBJC_MSGSEND = YES;
				ENABLE_TESTABILITY = YES;
				GCC_C_LANGUAGE_STANDARD = gnu11;
				GCC_DYNAMIC_NO_PIC = NO;
				GCC_NO_COMMON_BLOCKS = YES;
				GCC_OPTIMIZATION_LEVEL = 0;
				GCC_PREPROCESSOR_DEFINITIONS = (
					"DEBUG=1",
					"$(inherited)",
				);
				GCC_WARN_64_TO_32_BIT_CONVERSION = YES;
				GCC_WARN_ABOUT_RETURN_TYPE = YES_ERROR;
				GCC_WARN_UNDECLARED_SELECTOR = YES;
				GCC_WARN_UNINITIALIZED_AUTOS = YES_AGGRESSIVE;
				GCC_WARN_UNUSED_FUNCTION = YES;
				GCC_WARN_UNUSED_VARIABLE = YES;
				IPHONEOS_DEPLOYMENT_TARGET = 12.0;
				MTL_ENABLE_DEBUG_INFO = INCLUDE_SOURCE;
				MTL_FAST_MATH = YES;
				ONLY_ACTIVE_ARCH = YES;
				SDKROOT = iphoneos;
				SWIFT_ACTIVE_COMPILATION_CONDITIONS = DEBUG;
				SWIFT_OPTIMIZATION_LEVEL = "-Onone";
				VERSIONING_SYSTEM = "apple-generic";
				VERSION_INFO_PREFIX = "";
			};
			name = Debug;
		};
		115F121A217FDD8B00ED3530 /* Release */ = {
			isa = XCBuildConfiguration;
			buildSettings = {
				ALWAYS_SEARCH_USER_PATHS = NO;
				CLANG_ANALYZER_NONNULL = YES;
				CLANG_ANALYZER_NUMBER_OBJECT_CONVERSION = YES_AGGRESSIVE;
				CLANG_CXX_LANGUAGE_STANDARD = "gnu++14";
				CLANG_CXX_LIBRARY = "libc++";
				CLANG_ENABLE_MODULES = YES;
				CLANG_ENABLE_OBJC_ARC = YES;
				CLANG_ENABLE_OBJC_WEAK = YES;
				CLANG_WARN_BLOCK_CAPTURE_AUTORELEASING = YES;
				CLANG_WARN_BOOL_CONVERSION = YES;
				CLANG_WARN_COMMA = YES;
				CLANG_WARN_CONSTANT_CONVERSION = YES;
				CLANG_WARN_DEPRECATED_OBJC_IMPLEMENTATIONS = YES;
				CLANG_WARN_DIRECT_OBJC_ISA_USAGE = YES_ERROR;
				CLANG_WARN_DOCUMENTATION_COMMENTS = YES;
				CLANG_WARN_EMPTY_BODY = YES;
				CLANG_WARN_ENUM_CONVERSION = YES;
				CLANG_WARN_INFINITE_RECURSION = YES;
				CLANG_WARN_INT_CONVERSION = YES;
				CLANG_WARN_NON_LITERAL_NULL_CONVERSION = YES;
				CLANG_WARN_OBJC_IMPLICIT_RETAIN_SELF = YES;
				CLANG_WARN_OBJC_LITERAL_CONVERSION = YES;
				CLANG_WARN_OBJC_ROOT_CLASS = YES_ERROR;
				CLANG_WARN_RANGE_LOOP_ANALYSIS = YES;
				CLANG_WARN_STRICT_PROTOTYPES = YES;
				CLANG_WARN_SUSPICIOUS_MOVE = YES;
				CLANG_WARN_UNGUARDED_AVAILABILITY = YES_AGGRESSIVE;
				CLANG_WARN_UNREACHABLE_CODE = YES;
				CLANG_WARN__DUPLICATE_METHOD_MATCH = YES;
				CODE_SIGN_IDENTITY = "iPhone Developer";
				COPY_PHASE_STRIP = NO;
				CURRENT_PROJECT_VERSION = 1;
				DEBUG_INFORMATION_FORMAT = "dwarf-with-dsym";
				ENABLE_NS_ASSERTIONS = NO;
				ENABLE_STRICT_OBJC_MSGSEND = YES;
				GCC_C_LANGUAGE_STANDARD = gnu11;
				GCC_NO_COMMON_BLOCKS = YES;
				GCC_WARN_64_TO_32_BIT_CONVERSION = YES;
				GCC_WARN_ABOUT_RETURN_TYPE = YES_ERROR;
				GCC_WARN_UNDECLARED_SELECTOR = YES;
				GCC_WARN_UNINITIALIZED_AUTOS = YES_AGGRESSIVE;
				GCC_WARN_UNUSED_FUNCTION = YES;
				GCC_WARN_UNUSED_VARIABLE = YES;
				IPHONEOS_DEPLOYMENT_TARGET = 12.0;
				MTL_ENABLE_DEBUG_INFO = NO;
				MTL_FAST_MATH = YES;
				SDKROOT = iphoneos;
				SWIFT_COMPILATION_MODE = wholemodule;
				SWIFT_OPTIMIZATION_LEVEL = "-O";
				VALIDATE_PRODUCT = YES;
				VERSIONING_SYSTEM = "apple-generic";
				VERSION_INFO_PREFIX = "";
			};
			name = Release;
		};
		115F121C217FDD8B00ED3530 /* Debug */ = {
			isa = XCBuildConfiguration;
			buildSettings = {
				CLANG_ENABLE_MODULES = YES;
				CODE_SIGN_IDENTITY = "";
				CODE_SIGN_STYLE = Automatic;
				DEFINES_MODULE = YES;
				DYLIB_COMPATIBILITY_VERSION = 1;
				DYLIB_CURRENT_VERSION = 1;
				DYLIB_INSTALL_NAME_BASE = "@rpath";
				INFOPLIST_FILE = "SwiftyInsta/Supporting Files/Info.plist";
				INSTALL_PATH = "$(LOCAL_LIBRARY_DIR)/Frameworks";
				IPHONEOS_DEPLOYMENT_TARGET = 10.0;
				LD_RUNPATH_SEARCH_PATHS = (
					"$(inherited)",
					"@executable_path/Frameworks",
					"@loader_path/Frameworks",
				);
				PRODUCT_BUNDLE_IDENTIFIER = com.TheM4hd1.SwiftyInsta;
				PRODUCT_NAME = "$(TARGET_NAME:c99extidentifier)";
				SKIP_INSTALL = YES;
				SWIFT_OPTIMIZATION_LEVEL = "-Onone";
				SWIFT_VERSION = 4.2;
				TARGETED_DEVICE_FAMILY = "1,2";
			};
			name = Debug;
		};
		115F121D217FDD8B00ED3530 /* Release */ = {
			isa = XCBuildConfiguration;
			buildSettings = {
				CLANG_ENABLE_MODULES = YES;
				CODE_SIGN_IDENTITY = "";
				CODE_SIGN_STYLE = Automatic;
				DEFINES_MODULE = YES;
				DYLIB_COMPATIBILITY_VERSION = 1;
				DYLIB_CURRENT_VERSION = 1;
				DYLIB_INSTALL_NAME_BASE = "@rpath";
				INFOPLIST_FILE = "SwiftyInsta/Supporting Files/Info.plist";
				INSTALL_PATH = "$(LOCAL_LIBRARY_DIR)/Frameworks";
				IPHONEOS_DEPLOYMENT_TARGET = 10.0;
				LD_RUNPATH_SEARCH_PATHS = (
					"$(inherited)",
					"@executable_path/Frameworks",
					"@loader_path/Frameworks",
				);
				PRODUCT_BUNDLE_IDENTIFIER = com.TheM4hd1.SwiftyInsta;
				PRODUCT_NAME = "$(TARGET_NAME:c99extidentifier)";
				SKIP_INSTALL = YES;
				SWIFT_VERSION = 4.2;
				TARGETED_DEVICE_FAMILY = "1,2";
			};
			name = Release;
		};
		115F121F217FDD8B00ED3530 /* Debug */ = {
			isa = XCBuildConfiguration;
			buildSettings = {
				ALWAYS_EMBED_SWIFT_STANDARD_LIBRARIES = YES;
				CODE_SIGN_STYLE = Automatic;
				INFOPLIST_FILE = SwiftyInstaTests/Info.plist;
				LD_RUNPATH_SEARCH_PATHS = (
					"$(inherited)",
					"@executable_path/Frameworks",
					"@loader_path/Frameworks",
				);
				PRODUCT_BUNDLE_IDENTIFIER = com.TheM4hd1.SwiftyInstaTests;
				PRODUCT_NAME = "$(TARGET_NAME)";
				SWIFT_VERSION = 4.2;
				TARGETED_DEVICE_FAMILY = "1,2";
			};
			name = Debug;
		};
		115F1220217FDD8B00ED3530 /* Release */ = {
			isa = XCBuildConfiguration;
			buildSettings = {
				ALWAYS_EMBED_SWIFT_STANDARD_LIBRARIES = YES;
				CODE_SIGN_STYLE = Automatic;
				INFOPLIST_FILE = SwiftyInstaTests/Info.plist;
				LD_RUNPATH_SEARCH_PATHS = (
					"$(inherited)",
					"@executable_path/Frameworks",
					"@loader_path/Frameworks",
				);
				PRODUCT_BUNDLE_IDENTIFIER = com.TheM4hd1.SwiftyInstaTests;
				PRODUCT_NAME = "$(TARGET_NAME)";
				SWIFT_VERSION = 4.2;
				TARGETED_DEVICE_FAMILY = "1,2";
			};
			name = Release;
		};
/* End XCBuildConfiguration section */

/* Begin XCConfigurationList section */
		115F1201217FDD8B00ED3530 /* Build configuration list for PBXProject "SwiftyInsta" */ = {
			isa = XCConfigurationList;
			buildConfigurations = (
				115F1219217FDD8B00ED3530 /* Debug */,
				115F121A217FDD8B00ED3530 /* Release */,
			);
			defaultConfigurationIsVisible = 0;
			defaultConfigurationName = Release;
		};
		115F121B217FDD8B00ED3530 /* Build configuration list for PBXNativeTarget "SwiftyInsta" */ = {
			isa = XCConfigurationList;
			buildConfigurations = (
				115F121C217FDD8B00ED3530 /* Debug */,
				115F121D217FDD8B00ED3530 /* Release */,
			);
			defaultConfigurationIsVisible = 0;
			defaultConfigurationName = Release;
		};
		115F121E217FDD8B00ED3530 /* Build configuration list for PBXNativeTarget "SwiftyInstaTests" */ = {
			isa = XCConfigurationList;
			buildConfigurations = (
				115F121F217FDD8B00ED3530 /* Debug */,
				115F1220217FDD8B00ED3530 /* Release */,
			);
			defaultConfigurationIsVisible = 0;
			defaultConfigurationName = Release;
		};
/* End XCConfigurationList section */
	};
	rootObject = 115F11FE217FDD8B00ED3530 /* Project object */;
}
